// !$*UTF8*$!
{
	archiveVersion = 1;
	classes = {
	};
	objectVersion = 56;
	objects = {

/* Begin PBXBuildFile section */
		F73C14172ACD5AAF001707C1 /* TabsView.swift in Sources */ = {isa = PBXBuildFile; fileRef = F73C14162ACD5AAF001707C1 /* TabsView.swift */; };
		F73C14192ACD5C56001707C1 /* WIPView.swift in Sources */ = {isa = PBXBuildFile; fileRef = F73C14182ACD5C56001707C1 /* WIPView.swift */; };
		F73C141B2ACD626B001707C1 /* FeedView.swift in Sources */ = {isa = PBXBuildFile; fileRef = F73C141A2ACD626B001707C1 /* FeedView.swift */; };
		F73C141D2ACD6275001707C1 /* FeedViewModel.swift in Sources */ = {isa = PBXBuildFile; fileRef = F73C141C2ACD6275001707C1 /* FeedViewModel.swift */; };
		F75138862AC6F0B000F825B5 /* ApoapsisApp.swift in Sources */ = {isa = PBXBuildFile; fileRef = F75138852AC6F0B000F825B5 /* ApoapsisApp.swift */; };
		F75138882AC6F0B000F825B5 /* ContentView.swift in Sources */ = {isa = PBXBuildFile; fileRef = F75138872AC6F0B000F825B5 /* ContentView.swift */; };
		F751388A2AC6F0B100F825B5 /* Assets.xcassets in Resources */ = {isa = PBXBuildFile; fileRef = F75138892AC6F0B100F825B5 /* Assets.xcassets */; };
		F751388D2AC6F0B100F825B5 /* Preview Assets.xcassets in Resources */ = {isa = PBXBuildFile; fileRef = F751388C2AC6F0B100F825B5 /* Preview Assets.xcassets */; };
		F75138962AC6FD9700F825B5 /* HomeView.swift in Sources */ = {isa = PBXBuildFile; fileRef = F75138952AC6FD9700F825B5 /* HomeView.swift */; };
		F751389A2AC6FDCE00F825B5 /* LoginView.swift in Sources */ = {isa = PBXBuildFile; fileRef = F75138992AC6FDCE00F825B5 /* LoginView.swift */; };
		F7555BB42AFE5A850052909E /* FeedPostView.swift in Sources */ = {isa = PBXBuildFile; fileRef = F7555BB32AFE5A850052909E /* FeedPostView.swift */; };
		F7555BB62AFE61A90052909E /* PostEmbedView.swift in Sources */ = {isa = PBXBuildFile; fileRef = F7555BB52AFE61A90052909E /* PostEmbedView.swift */; };
		F7555BBA2AFE7EE00052909E /* HomeViewModel.swift in Sources */ = {isa = PBXBuildFile; fileRef = F7555BB92AFE7EE00052909E /* HomeViewModel.swift */; };
		F7555BBC2AFFA1350052909E /* TimelineView.swift in Sources */ = {isa = PBXBuildFile; fileRef = F7555BBB2AFFA1350052909E /* TimelineView.swift */; };
		F7555BBE2AFFA1430052909E /* TimelineViewModel.swift in Sources */ = {isa = PBXBuildFile; fileRef = F7555BBD2AFFA1430052909E /* TimelineViewModel.swift */; };
		F7D3E0E22ACB114400332E57 /* ATProto in Frameworks */ = {isa = PBXBuildFile; productRef = F7D3E0E12ACB114400332E57 /* ATProto */; };
		F7D3E0E42ACB114400332E57 /* ATProtoAPI in Frameworks */ = {isa = PBXBuildFile; productRef = F7D3E0E32ACB114400332E57 /* ATProtoAPI */; };
		F7D3E0E62ACB114400332E57 /* ATProtoCore in Frameworks */ = {isa = PBXBuildFile; productRef = F7D3E0E52ACB114400332E57 /* ATProtoCore */; };
		F7D3E0E82ACB114400332E57 /* ATProtoXRPC in Frameworks */ = {isa = PBXBuildFile; productRef = F7D3E0E72ACB114400332E57 /* ATProtoXRPC */; };
/* End PBXBuildFile section */

/* Begin PBXFileReference section */
		F73C14162ACD5AAF001707C1 /* TabsView.swift */ = {isa = PBXFileReference; lastKnownFileType = sourcecode.swift; path = TabsView.swift; sourceTree = "<group>"; };
		F73C14182ACD5C56001707C1 /* WIPView.swift */ = {isa = PBXFileReference; lastKnownFileType = sourcecode.swift; path = WIPView.swift; sourceTree = "<group>"; };
		F73C141A2ACD626B001707C1 /* FeedView.swift */ = {isa = PBXFileReference; lastKnownFileType = sourcecode.swift; path = FeedView.swift; sourceTree = "<group>"; };
		F73C141C2ACD6275001707C1 /* FeedViewModel.swift */ = {isa = PBXFileReference; lastKnownFileType = sourcecode.swift; path = FeedViewModel.swift; sourceTree = "<group>"; };
		F75138822AC6F0B000F825B5 /* Apoapsis.app */ = {isa = PBXFileReference; explicitFileType = wrapper.application; includeInIndex = 0; path = Apoapsis.app; sourceTree = BUILT_PRODUCTS_DIR; };
		F75138852AC6F0B000F825B5 /* ApoapsisApp.swift */ = {isa = PBXFileReference; lastKnownFileType = sourcecode.swift; path = ApoapsisApp.swift; sourceTree = "<group>"; };
		F75138872AC6F0B000F825B5 /* ContentView.swift */ = {isa = PBXFileReference; lastKnownFileType = sourcecode.swift; path = ContentView.swift; sourceTree = "<group>"; };
		F75138892AC6F0B100F825B5 /* Assets.xcassets */ = {isa = PBXFileReference; lastKnownFileType = folder.assetcatalog; path = Assets.xcassets; sourceTree = "<group>"; };
		F751388C2AC6F0B100F825B5 /* Preview Assets.xcassets */ = {isa = PBXFileReference; lastKnownFileType = folder.assetcatalog; path = "Preview Assets.xcassets"; sourceTree = "<group>"; };
		F75138952AC6FD9700F825B5 /* HomeView.swift */ = {isa = PBXFileReference; lastKnownFileType = sourcecode.swift; path = HomeView.swift; sourceTree = "<group>"; };
		F75138992AC6FDCE00F825B5 /* LoginView.swift */ = {isa = PBXFileReference; lastKnownFileType = sourcecode.swift; path = LoginView.swift; sourceTree = "<group>"; };
		F7555BB32AFE5A850052909E /* FeedPostView.swift */ = {isa = PBXFileReference; lastKnownFileType = sourcecode.swift; path = FeedPostView.swift; sourceTree = "<group>"; };
		F7555BB52AFE61A90052909E /* PostEmbedView.swift */ = {isa = PBXFileReference; lastKnownFileType = sourcecode.swift; path = PostEmbedView.swift; sourceTree = "<group>"; };
		F7555BB92AFE7EE00052909E /* HomeViewModel.swift */ = {isa = PBXFileReference; lastKnownFileType = sourcecode.swift; path = HomeViewModel.swift; sourceTree = "<group>"; };
		F7555BBB2AFFA1350052909E /* TimelineView.swift */ = {isa = PBXFileReference; lastKnownFileType = sourcecode.swift; path = TimelineView.swift; sourceTree = "<group>"; };
		F7555BBD2AFFA1430052909E /* TimelineViewModel.swift */ = {isa = PBXFileReference; lastKnownFileType = sourcecode.swift; path = TimelineViewModel.swift; sourceTree = "<group>"; };
		F77F0BE02ACDCBAA00F4F27D /* Info.plist */ = {isa = PBXFileReference; lastKnownFileType = text.plist; path = Info.plist; sourceTree = "<group>"; };
/* End PBXFileReference section */

/* Begin PBXFrameworksBuildPhase section */
		F751387F2AC6F0B000F825B5 /* Frameworks */ = {
			isa = PBXFrameworksBuildPhase;
			buildActionMask = 2147483647;
			files = (
				F7D3E0E22ACB114400332E57 /* ATProto in Frameworks */,
				F7D3E0E82ACB114400332E57 /* ATProtoXRPC in Frameworks */,
				F7D3E0E42ACB114400332E57 /* ATProtoAPI in Frameworks */,
				F7D3E0E62ACB114400332E57 /* ATProtoCore in Frameworks */,
			);
			runOnlyForDeploymentPostprocessing = 0;
		};
/* End PBXFrameworksBuildPhase section */

/* Begin PBXGroup section */
		F75138792AC6F0B000F825B5 = {
			isa = PBXGroup;
			children = (
				F75138842AC6F0B000F825B5 /* Apoapsis */,
				F75138832AC6F0B000F825B5 /* Products */,
			);
			sourceTree = "<group>";
		};
		F75138832AC6F0B000F825B5 /* Products */ = {
			isa = PBXGroup;
			children = (
				F75138822AC6F0B000F825B5 /* Apoapsis.app */,
			);
			name = Products;
			sourceTree = "<group>";
		};
		F75138842AC6F0B000F825B5 /* Apoapsis */ = {
			isa = PBXGroup;
			children = (
				F77F0BE02ACDCBAA00F4F27D /* Info.plist */,
				F75138852AC6F0B000F825B5 /* ApoapsisApp.swift */,
				F75138872AC6F0B000F825B5 /* ContentView.swift */,
				F75138952AC6FD9700F825B5 /* HomeView.swift */,
				F7555BB92AFE7EE00052909E /* HomeViewModel.swift */,
				F73C141A2ACD626B001707C1 /* FeedView.swift */,
				F7555BBB2AFFA1350052909E /* TimelineView.swift */,
				F7555BBD2AFFA1430052909E /* TimelineViewModel.swift */,
				F73C141C2ACD6275001707C1 /* FeedViewModel.swift */,
				F7555BB32AFE5A850052909E /* FeedPostView.swift */,
				F7555BB52AFE61A90052909E /* PostEmbedView.swift */,
				F73C14182ACD5C56001707C1 /* WIPView.swift */,
				F73C14162ACD5AAF001707C1 /* TabsView.swift */,
				F75138992AC6FDCE00F825B5 /* LoginView.swift */,
				F75138892AC6F0B100F825B5 /* Assets.xcassets */,
				F751388B2AC6F0B100F825B5 /* Preview Content */,
			);
			path = Apoapsis;
			sourceTree = "<group>";
		};
		F751388B2AC6F0B100F825B5 /* Preview Content */ = {
			isa = PBXGroup;
			children = (
				F751388C2AC6F0B100F825B5 /* Preview Assets.xcassets */,
			);
			path = "Preview Content";
			sourceTree = "<group>";
		};
/* End PBXGroup section */

/* Begin PBXNativeTarget section */
		F75138812AC6F0B000F825B5 /* Apoapsis */ = {
			isa = PBXNativeTarget;
			buildConfigurationList = F75138902AC6F0B100F825B5 /* Build configuration list for PBXNativeTarget "Apoapsis" */;
			buildPhases = (
				F751387E2AC6F0B000F825B5 /* Sources */,
				F751387F2AC6F0B000F825B5 /* Frameworks */,
				F75138802AC6F0B000F825B5 /* Resources */,
			);
			buildRules = (
			);
			dependencies = (
			);
			name = Apoapsis;
			packageProductDependencies = (
				F7D3E0E12ACB114400332E57 /* ATProto */,
				F7D3E0E32ACB114400332E57 /* ATProtoAPI */,
				F7D3E0E52ACB114400332E57 /* ATProtoCore */,
				F7D3E0E72ACB114400332E57 /* ATProtoXRPC */,
			);
			productName = Apoapsis;
			productReference = F75138822AC6F0B000F825B5 /* Apoapsis.app */;
			productType = "com.apple.product-type.application";
		};
/* End PBXNativeTarget section */

/* Begin PBXProject section */
		F751387A2AC6F0B000F825B5 /* Project object */ = {
			isa = PBXProject;
			attributes = {
				BuildIndependentTargetsInParallel = 1;
				LastSwiftUpdateCheck = 1430;
				LastUpgradeCheck = 1500;
				TargetAttributes = {
					F75138812AC6F0B000F825B5 = {
						CreatedOnToolsVersion = 14.3.1;
					};
				};
			};
			buildConfigurationList = F751387D2AC6F0B000F825B5 /* Build configuration list for PBXProject "Apoapsis" */;
			compatibilityVersion = "Xcode 14.0";
			developmentRegion = en;
			hasScannedForEncodings = 0;
			knownRegions = (
				en,
				Base,
			);
			mainGroup = F75138792AC6F0B000F825B5;
			packageReferences = (
				F7D3E0E02ACB114400332E57 /* XCRemoteSwiftPackageReference "swift-atproto" */,
			);
			productRefGroup = F75138832AC6F0B000F825B5 /* Products */;
			projectDirPath = "";
			projectRoot = "";
			targets = (
				F75138812AC6F0B000F825B5 /* Apoapsis */,
			);
		};
/* End PBXProject section */

/* Begin PBXResourcesBuildPhase section */
		F75138802AC6F0B000F825B5 /* Resources */ = {
			isa = PBXResourcesBuildPhase;
			buildActionMask = 2147483647;
			files = (
				F751388D2AC6F0B100F825B5 /* Preview Assets.xcassets in Resources */,
				F751388A2AC6F0B100F825B5 /* Assets.xcassets in Resources */,
			);
			runOnlyForDeploymentPostprocessing = 0;
		};
/* End PBXResourcesBuildPhase section */

/* Begin PBXSourcesBuildPhase section */
		F751387E2AC6F0B000F825B5 /* Sources */ = {
			isa = PBXSourcesBuildPhase;
			buildActionMask = 2147483647;
			files = (
				F73C141B2ACD626B001707C1 /* FeedView.swift in Sources */,
				F7555BBA2AFE7EE00052909E /* HomeViewModel.swift in Sources */,
				F751389A2AC6FDCE00F825B5 /* LoginView.swift in Sources */,
				F7555BBE2AFFA1430052909E /* TimelineViewModel.swift in Sources */,
				F73C14192ACD5C56001707C1 /* WIPView.swift in Sources */,
				F75138962AC6FD9700F825B5 /* HomeView.swift in Sources */,
				F75138882AC6F0B000F825B5 /* ContentView.swift in Sources */,
				F7555BBC2AFFA1350052909E /* TimelineView.swift in Sources */,
				F75138862AC6F0B000F825B5 /* ApoapsisApp.swift in Sources */,
				F7555BB62AFE61A90052909E /* PostEmbedView.swift in Sources */,
				F73C141D2ACD6275001707C1 /* FeedViewModel.swift in Sources */,
				F7555BB42AFE5A850052909E /* FeedPostView.swift in Sources */,
				F73C14172ACD5AAF001707C1 /* TabsView.swift in Sources */,
			);
			runOnlyForDeploymentPostprocessing = 0;
		};
/* End PBXSourcesBuildPhase section */

/* Begin XCBuildConfiguration section */
		F751388E2AC6F0B100F825B5 /* Debug */ = {
			isa = XCBuildConfiguration;
			buildSettings = {
				ALWAYS_SEARCH_USER_PATHS = NO;
				ASSETCATALOG_COMPILER_GENERATE_SWIFT_ASSET_SYMBOL_EXTENSIONS = YES;
				CLANG_ANALYZER_NONNULL = YES;
				CLANG_ANALYZER_NUMBER_OBJECT_CONVERSION = YES_AGGRESSIVE;
				CLANG_CXX_LANGUAGE_STANDARD = "gnu++20";
				CLANG_ENABLE_MODULES = YES;
				CLANG_ENABLE_OBJC_ARC = YES;
				CLANG_ENABLE_OBJC_WEAK = YES;
				CLANG_WARN_BLOCK_CAPTURE_AUTORELEASING = YES;
				CLANG_WARN_BOOL_CONVERSION = YES;
				CLANG_WARN_COMMA = YES;
				CLANG_WARN_CONSTANT_CONVERSION = YES;
				CLANG_WARN_DEPRECATED_OBJC_IMPLEMENTATIONS = YES;
				CLANG_WARN_DIRECT_OBJC_ISA_USAGE = YES_ERROR;
				CLANG_WARN_DOCUMENTATION_COMMENTS = YES;
				CLANG_WARN_EMPTY_BODY = YES;
				CLANG_WARN_ENUM_CONVERSION = YES;
				CLANG_WARN_INFINITE_RECURSION = YES;
				CLANG_WARN_INT_CONVERSION = YES;
				CLANG_WARN_NON_LITERAL_NULL_CONVERSION = YES;
				CLANG_WARN_OBJC_IMPLICIT_RETAIN_SELF = YES;
				CLANG_WARN_OBJC_LITERAL_CONVERSION = YES;
				CLANG_WARN_OBJC_ROOT_CLASS = YES_ERROR;
				CLANG_WARN_QUOTED_INCLUDE_IN_FRAMEWORK_HEADER = YES;
				CLANG_WARN_RANGE_LOOP_ANALYSIS = YES;
				CLANG_WARN_STRICT_PROTOTYPES = YES;
				CLANG_WARN_SUSPICIOUS_MOVE = YES;
				CLANG_WARN_UNGUARDED_AVAILABILITY = YES_AGGRESSIVE;
				CLANG_WARN_UNREACHABLE_CODE = YES;
				CLANG_WARN__DUPLICATE_METHOD_MATCH = YES;
				COPY_PHASE_STRIP = NO;
				DEBUG_INFORMATION_FORMAT = dwarf;
				ENABLE_STRICT_OBJC_MSGSEND = YES;
				ENABLE_TESTABILITY = YES;
				ENABLE_USER_SCRIPT_SANDBOXING = YES;
				GCC_C_LANGUAGE_STANDARD = gnu11;
				GCC_DYNAMIC_NO_PIC = NO;
				GCC_NO_COMMON_BLOCKS = YES;
				GCC_OPTIMIZATION_LEVEL = 0;
				GCC_PREPROCESSOR_DEFINITIONS = (
					"DEBUG=1",
					"$(inherited)",
				);
				GCC_WARN_64_TO_32_BIT_CONVERSION = YES;
				GCC_WARN_ABOUT_RETURN_TYPE = YES_ERROR;
				GCC_WARN_UNDECLARED_SELECTOR = YES;
				GCC_WARN_UNINITIALIZED_AUTOS = YES_AGGRESSIVE;
				GCC_WARN_UNUSED_FUNCTION = YES;
				GCC_WARN_UNUSED_VARIABLE = YES;
				IPHONEOS_DEPLOYMENT_TARGET = 16.4;
				MTL_ENABLE_DEBUG_INFO = INCLUDE_SOURCE;
				MTL_FAST_MATH = YES;
				ONLY_ACTIVE_ARCH = YES;
				SDKROOT = iphoneos;
				SWIFT_ACTIVE_COMPILATION_CONDITIONS = DEBUG;
				SWIFT_OPTIMIZATION_LEVEL = "-Onone";
			};
			name = Debug;
		};
		F751388F2AC6F0B100F825B5 /* Release */ = {
			isa = XCBuildConfiguration;
			buildSettings = {
				ALWAYS_SEARCH_USER_PATHS = NO;
				ASSETCATALOG_COMPILER_GENERATE_SWIFT_ASSET_SYMBOL_EXTENSIONS = YES;
				CLANG_ANALYZER_NONNULL = YES;
				CLANG_ANALYZER_NUMBER_OBJECT_CONVERSION = YES_AGGRESSIVE;
				CLANG_CXX_LANGUAGE_STANDARD = "gnu++20";
				CLANG_ENABLE_MODULES = YES;
				CLANG_ENABLE_OBJC_ARC = YES;
				CLANG_ENABLE_OBJC_WEAK = YES;
				CLANG_WARN_BLOCK_CAPTURE_AUTORELEASING = YES;
				CLANG_WARN_BOOL_CONVERSION = YES;
				CLANG_WARN_COMMA = YES;
				CLANG_WARN_CONSTANT_CONVERSION = YES;
				CLANG_WARN_DEPRECATED_OBJC_IMPLEMENTATIONS = YES;
				CLANG_WARN_DIRECT_OBJC_ISA_USAGE = YES_ERROR;
				CLANG_WARN_DOCUMENTATION_COMMENTS = YES;
				CLANG_WARN_EMPTY_BODY = YES;
				CLANG_WARN_ENUM_CONVERSION = YES;
				CLANG_WARN_INFINITE_RECURSION = YES;
				CLANG_WARN_INT_CONVERSION = YES;
				CLANG_WARN_NON_LITERAL_NULL_CONVERSION = YES;
				CLANG_WARN_OBJC_IMPLICIT_RETAIN_SELF = YES;
				CLANG_WARN_OBJC_LITERAL_CONVERSION = YES;
				CLANG_WARN_OBJC_ROOT_CLASS = YES_ERROR;
				CLANG_WARN_QUOTED_INCLUDE_IN_FRAMEWORK_HEADER = YES;
				CLANG_WARN_RANGE_LOOP_ANALYSIS = YES;
				CLANG_WARN_STRICT_PROTOTYPES = YES;
				CLANG_WARN_SUSPICIOUS_MOVE = YES;
				CLANG_WARN_UNGUARDED_AVAILABILITY = YES_AGGRESSIVE;
				CLANG_WARN_UNREACHABLE_CODE = YES;
				CLANG_WARN__DUPLICATE_METHOD_MATCH = YES;
				COPY_PHASE_STRIP = NO;
				DEBUG_INFORMATION_FORMAT = "dwarf-with-dsym";
				ENABLE_NS_ASSERTIONS = NO;
				ENABLE_STRICT_OBJC_MSGSEND = YES;
				ENABLE_USER_SCRIPT_SANDBOXING = YES;
				GCC_C_LANGUAGE_STANDARD = gnu11;
				GCC_NO_COMMON_BLOCKS = YES;
				GCC_WARN_64_TO_32_BIT_CONVERSION = YES;
				GCC_WARN_ABOUT_RETURN_TYPE = YES_ERROR;
				GCC_WARN_UNDECLARED_SELECTOR = YES;
				GCC_WARN_UNINITIALIZED_AUTOS = YES_AGGRESSIVE;
				GCC_WARN_UNUSED_FUNCTION = YES;
				GCC_WARN_UNUSED_VARIABLE = YES;
				IPHONEOS_DEPLOYMENT_TARGET = 16.4;
				MTL_ENABLE_DEBUG_INFO = NO;
				MTL_FAST_MATH = YES;
				SDKROOT = iphoneos;
				SWIFT_COMPILATION_MODE = wholemodule;
				SWIFT_OPTIMIZATION_LEVEL = "-O";
				VALIDATE_PRODUCT = YES;
			};
			name = Release;
		};
		F75138912AC6F0B100F825B5 /* Debug */ = {
			isa = XCBuildConfiguration;
			buildSettings = {
				ASSETCATALOG_COMPILER_APPICON_NAME = AppIcon;
				ASSETCATALOG_COMPILER_GLOBAL_ACCENT_COLOR_NAME = AccentColor;
				CODE_SIGN_STYLE = Automatic;
				CURRENT_PROJECT_VERSION = 4;
				DEVELOPMENT_ASSET_PATHS = "\"Apoapsis/Preview Content\"";
				DEVELOPMENT_TEAM = 54BH7CRWVK;
				ENABLE_PREVIEWS = YES;
				GENERATE_INFOPLIST_FILE = YES;
				INFOPLIST_FILE = Apoapsis/Info.plist;
				INFOPLIST_KEY_CFBundleDisplayName = Apoapsis;
				INFOPLIST_KEY_LSApplicationCategoryType = "public.app-category.social-networking";
				INFOPLIST_KEY_UIApplicationSceneManifest_Generation = YES;
				INFOPLIST_KEY_UIApplicationSupportsIndirectInputEvents = YES;
				INFOPLIST_KEY_UILaunchScreen_Generation = YES;
				INFOPLIST_KEY_UISupportedInterfaceOrientations_iPad = "UIInterfaceOrientationPortrait UIInterfaceOrientationPortraitUpsideDown UIInterfaceOrientationLandscapeLeft UIInterfaceOrientationLandscapeRight";
				INFOPLIST_KEY_UISupportedInterfaceOrientations_iPhone = "UIInterfaceOrientationPortrait UIInterfaceOrientationLandscapeLeft UIInterfaceOrientationLandscapeRight";
				IPHONEOS_DEPLOYMENT_TARGET = 16.4;
				LD_RUNPATH_SEARCH_PATHS = (
					"$(inherited)",
					"@executable_path/Frameworks",
				);
				MARKETING_VERSION = 1.0;
				PRODUCT_BUNDLE_IDENTIFIER = dev.mozzius.apoapsis;
				PRODUCT_NAME = "$(TARGET_NAME)";
				SUPPORTED_PLATFORMS = "iphoneos iphonesimulator macosx";
				SUPPORTS_MACCATALYST = NO;
				SUPPORTS_MAC_DESIGNED_FOR_IPHONE_IPAD = NO;
				SWIFT_EMIT_LOC_STRINGS = YES;
				SWIFT_VERSION = 5.0;
				TARGETED_DEVICE_FAMILY = "1,2";
			};
			name = Debug;
		};
		F75138922AC6F0B100F825B5 /* Release */ = {
			isa = XCBuildConfiguration;
			buildSettings = {
				ASSETCATALOG_COMPILER_APPICON_NAME = AppIcon;
				ASSETCATALOG_COMPILER_GLOBAL_ACCENT_COLOR_NAME = AccentColor;
				CODE_SIGN_STYLE = Automatic;
				CURRENT_PROJECT_VERSION = 4;
				DEVELOPMENT_ASSET_PATHS = "\"Apoapsis/Preview Content\"";
				DEVELOPMENT_TEAM = 54BH7CRWVK;
				ENABLE_PREVIEWS = YES;
				GENERATE_INFOPLIST_FILE = YES;
				INFOPLIST_FILE = Apoapsis/Info.plist;
				INFOPLIST_KEY_CFBundleDisplayName = Apoapsis;
				INFOPLIST_KEY_LSApplicationCategoryType = "public.app-category.social-networking";
				INFOPLIST_KEY_UIApplicationSceneManifest_Generation = YES;
				INFOPLIST_KEY_UIApplicationSupportsIndirectInputEvents = YES;
				INFOPLIST_KEY_UILaunchScreen_Generation = YES;
				INFOPLIST_KEY_UISupportedInterfaceOrientations_iPad = "UIInterfaceOrientationPortrait UIInterfaceOrientationPortraitUpsideDown UIInterfaceOrientationLandscapeLeft UIInterfaceOrientationLandscapeRight";
				INFOPLIST_KEY_UISupportedInterfaceOrientations_iPhone = "UIInterfaceOrientationPortrait UIInterfaceOrientationLandscapeLeft UIInterfaceOrientationLandscapeRight";
				IPHONEOS_DEPLOYMENT_TARGET = 16.4;
				LD_RUNPATH_SEARCH_PATHS = (
					"$(inherited)",
					"@executable_path/Frameworks",
				);
				MARKETING_VERSION = 1.0;
				PRODUCT_BUNDLE_IDENTIFIER = dev.mozzius.apoapsis;
				PRODUCT_NAME = "$(TARGET_NAME)";
				SUPPORTED_PLATFORMS = "iphoneos iphonesimulator macosx";
				SUPPORTS_MACCATALYST = NO;
				SUPPORTS_MAC_DESIGNED_FOR_IPHONE_IPAD = NO;
				SWIFT_EMIT_LOC_STRINGS = YES;
				SWIFT_VERSION = 5.0;
				TARGETED_DEVICE_FAMILY = "1,2";
			};
			name = Release;
		};
/* End XCBuildConfiguration section */

/* Begin XCConfigurationList section */
		F751387D2AC6F0B000F825B5 /* Build configuration list for PBXProject "Apoapsis" */ = {
			isa = XCConfigurationList;
			buildConfigurations = (
				F751388E2AC6F0B100F825B5 /* Debug */,
				F751388F2AC6F0B100F825B5 /* Release */,
			);
			defaultConfigurationIsVisible = 0;
			defaultConfigurationName = Release;
		};
		F75138902AC6F0B100F825B5 /* Build configuration list for PBXNativeTarget "Apoapsis" */ = {
			isa = XCConfigurationList;
			buildConfigurations = (
				F75138912AC6F0B100F825B5 /* Debug */,
				F75138922AC6F0B100F825B5 /* Release */,
			);
			defaultConfigurationIsVisible = 0;
			defaultConfigurationName = Release;
		};
/* End XCConfigurationList section */

/* Begin XCRemoteSwiftPackageReference section */
		F7D3E0E02ACB114400332E57 /* XCRemoteSwiftPackageReference "swift-atproto" */ = {
			isa = XCRemoteSwiftPackageReference;
			repositoryURL = "https://github.com/andooown/swift-atproto.git";
			requirement = {
				kind = upToNextMajorVersion;
				minimumVersion = 0.0.7;
			};
		};
/* End XCRemoteSwiftPackageReference section */

/* Begin XCSwiftPackageProductDependency section */
		F7D3E0E12ACB114400332E57 /* ATProto */ = {
			isa = XCSwiftPackageProductDependency;
			package = F7D3E0E02ACB114400332E57 /* XCRemoteSwiftPackageReference "swift-atproto" */;
			productName = ATProto;
		};
		F7D3E0E32ACB114400332E57 /* ATProtoAPI */ = {
			isa = XCSwiftPackageProductDependency;
			package = F7D3E0E02ACB114400332E57 /* XCRemoteSwiftPackageReference "swift-atproto" */;
			productName = ATProtoAPI;
		};
		F7D3E0E52ACB114400332E57 /* ATProtoCore */ = {
			isa = XCSwiftPackageProductDependency;
			package = F7D3E0E02ACB114400332E57 /* XCRemoteSwiftPackageReference "swift-atproto" */;
			productName = ATProtoCore;
		};
		F7D3E0E72ACB114400332E57 /* ATProtoXRPC */ = {
			isa = XCSwiftPackageProductDependency;
			package = F7D3E0E02ACB114400332E57 /* XCRemoteSwiftPackageReference "swift-atproto" */;
			productName = ATProtoXRPC;
		};
/* End XCSwiftPackageProductDependency section */
	};
	rootObject = F751387A2AC6F0B000F825B5 /* Project object */;
}
